{
  "name": "d-base",
  "version": "1.0.0",
  "lockfileVersion": 2,
  "requires": true,
  "packages": {
    "": {
      "name": "d-base",
      "version": "1.0.0",
      "license": "MIT",
      "dependencies": {
        "@noamzuck/d-base": "^1.0.0"
      }
    },
    "node_modules/@noamzuck/d-base": {
      "version": "1.0.0",
      "resolved": "https://registry.npmjs.org/@noamzuck/d-base/-/d-base-1.0.0.tgz",
      "integrity": "sha512-3dSBDBYonCFjeaHHN7/YF6oouOeTQA6YRLrQn/kyDWwyX+w6fxkQObJJpoP8bmxz4GSW1f9IcwSwc1/QImc4tg=="
    }
  },
  "dependencies": {
    "@noamzuck/d-base": {
      "version": "1.0.0",
      "resolved": "https://registry.npmjs.org/@noamzuck/d-base/-/d-base-1.0.0.tgz",
      "integrity": "sha512-3dSBDBYonCFjeaHHN7/YF6oouOeTQA6YRLrQn/kyDWwyX+w6fxkQObJJpoP8bmxz4GSW1f9IcwSwc1/QImc4tg=="
    }
  }
}
